// !$*UTF8*$!
{
	archiveVersion = 1;
	classes = {
	};
	objectVersion = 48;
	objects = {

/* Begin PBXBuildFile section */
		D42F0B5A20037D5800172F84 /* align.h in Headers */ = {isa = PBXBuildFile; fileRef = D46C62322002B5E800B03F10 /* align.h */; settings = {ATTRIBUTES = (Public, ); }; };
		D42F0B5B20037D5800172F84 /* animal.h in Headers */ = {isa = PBXBuildFile; fileRef = 4425BBA01FFC32F5002597AF /* animal.h */; settings = {ATTRIBUTES = (Public, ); }; };
		D42F0B5C20037D5800172F84 /* color4f.h in Headers */ = {isa = PBXBuildFile; fileRef = 44EF1A221FFBEC4D0098E4E8 /* color4f.h */; settings = {ATTRIBUTES = (Public, ); }; };
		D42F0B5D20037D5800172F84 /* colors.h in Headers */ = {isa = PBXBuildFile; fileRef = D4D209CB2001CE2000EF63B5 /* colors.h */; settings = {ATTRIBUTES = (Public, ); }; };
		D42F0B5E20037D5800172F84 /* component.h in Headers */ = {isa = PBXBuildFile; fileRef = 44128CE21FFEAA1200B3D435 /* component.h */; settings = {ATTRIBUTES = (Public, ); }; };
		D42F0B5F20037D5800172F84 /* dog_state_attack.h in Headers */ = {isa = PBXBuildFile; fileRef = D4F887381FFEFC2800D0C315 /* dog_state_attack.h */; settings = {ATTRIBUTES = (Public, ); }; };
		D42F0B6020037D5800172F84 /* dog_state_find_cave.h in Headers */ = {isa = PBXBuildFile; fileRef = D4F8877D1FFF18C100D0C315 /* dog_state_find_cave.h */; settings = {ATTRIBUTES = (Public, ); }; };
		D42F0B6120037D5800172F84 /* dog_state_find_human.h in Headers */ = {isa = PBXBuildFile; fileRef = D4F887401FFF0DCC00D0C315 /* dog_state_find_human.h */; settings = {ATTRIBUTES = (Public, ); }; };
		D42F0B6220037D5800172F84 /* dog_state_wander.h in Headers */ = {isa = PBXBuildFile; fileRef = D4F887361FFEFC1D00D0C315 /* dog_state_wander.h */; settings = {ATTRIBUTES = (Public, ); }; };
		D42F0B6320037D5800172F84 /* dog_state.h in Headers */ = {isa = PBXBuildFile; fileRef = D4F887341FFEFC1000D0C315 /* dog_state.h */; settings = {ATTRIBUTES = (Public, ); }; };
		D42F0B6420037D5800172F84 /* dog.h in Headers */ = {isa = PBXBuildFile; fileRef = 4425BB9C1FFC3227002597AF /* dog.h */; settings = {ATTRIBUTES = (Public, ); }; };
		D42F0B6520037D5800172F84 /* edge.h in Headers */ = {isa = PBXBuildFile; fileRef = 44128CE91FFEB1BD00B3D435 /* edge.h */; settings = {ATTRIBUTES = (Public, ); }; };
		D42F0B6620037D5800172F84 /* engine.h in Headers */ = {isa = PBXBuildFile; fileRef = 448AC94F1FF88BDF0040E425 /* engine.h */; settings = {ATTRIBUTES = (Public, ); }; };
		D42F0B6720037D5800172F84 /* entity_manager.h in Headers */ = {isa = PBXBuildFile; fileRef = 4425BB921FFC31F8002597AF /* entity_manager.h */; settings = {ATTRIBUTES = (Public, ); }; };
		D42F0B6820037D5800172F84 /* entity.h in Headers */ = {isa = PBXBuildFile; fileRef = 4425BB941FFC3203002597AF /* entity.h */; settings = {ATTRIBUTES = (Public, ); }; };
		D42F0B6920037D5800172F84 /* force_driven_entity.h in Headers */ = {isa = PBXBuildFile; fileRef = 44149B571FFD6341007DB9BD /* force_driven_entity.h */; settings = {ATTRIBUTES = (Public, ); }; };
		D42F0B6A20037D5800172F84 /* gene_map.h in Headers */ = {isa = PBXBuildFile; fileRef = D4D209C32001A7AC00EF63B5 /* gene_map.h */; settings = {ATTRIBUTES = (Public, ); }; };
		D42F0B6B20037D5800172F84 /* gene.h in Headers */ = {isa = PBXBuildFile; fileRef = D4D209C12001A54400EF63B5 /* gene.h */; settings = {ATTRIBUTES = (Public, ); }; };
		D42F0B6C20037D5800172F84 /* genetic_algorithm.h in Headers */ = {isa = PBXBuildFile; fileRef = A212D39220010D8100D79CE9 /* genetic_algorithm.h */; settings = {ATTRIBUTES = (Public, ); }; };
		D42F0B6D20037D5800172F84 /* genetic_entity.h in Headers */ = {isa = PBXBuildFile; fileRef = 44232738200166E400FF228D /* genetic_entity.h */; settings = {ATTRIBUTES = (Public, ); }; };
		D42F0B6E20037D5800172F84 /* genetic_strategy_evolve.h in Headers */ = {isa = PBXBuildFile; fileRef = 4423274420018C4000FF228D /* genetic_strategy_evolve.h */; settings = {ATTRIBUTES = (Public, ); }; };
		D42F0B6F20037D5800172F84 /* genetic_strategy_random.h in Headers */ = {isa = PBXBuildFile; fileRef = 4423273C2001786B00FF228D /* genetic_strategy_random.h */; settings = {ATTRIBUTES = (Public, ); }; };
		D42F0B7020037D5800172F84 /* genetic_strategy.h in Headers */ = {isa = PBXBuildFile; fileRef = 4423273E2001787E00FF228D /* genetic_strategy.h */; settings = {ATTRIBUTES = (Public, ); }; };
		D42F0B7120037D5800172F84 /* graph_parser.h in Headers */ = {isa = PBXBuildFile; fileRef = 44128CE71FFEB1BD00B3D435 /* graph_parser.h */; settings = {ATTRIBUTES = (Public, ); }; };
		D42F0B7220037D5800172F84 /* graph.h in Headers */ = {isa = PBXBuildFile; fileRef = 44128CE61FFEB1BD00B3D435 /* graph.h */; settings = {ATTRIBUTES = (Public, ); }; };
		D42F0B7320037D5800172F84 /* graphics.h in Headers */ = {isa = PBXBuildFile; fileRef = 4424ACD81FF91E3F0007DCCF /* graphics.h */; settings = {ATTRIBUTES = (Public, ); }; };
		D42F0B7420037D5800172F84 /* human_female_state_wait.h in Headers */ = {isa = PBXBuildFile; fileRef = 44D7AE9E200052D800CB3B5F /* human_female_state_wait.h */; settings = {ATTRIBUTES = (Public, ); }; };
		D42F0B7520037D5800172F84 /* human_female_state_wander.h in Headers */ = {isa = PBXBuildFile; fileRef = 44066E1E200011A500EFA096 /* human_female_state_wander.h */; settings = {ATTRIBUTES = (Public, ); }; };
		D42F0B7620037D5800172F84 /* human_female_state.h in Headers */ = {isa = PBXBuildFile; fileRef = 44066E1F200011A500EFA096 /* human_female_state.h */; settings = {ATTRIBUTES = (Public, ); }; };
		D42F0B7720037D5800172F84 /* human_female.h in Headers */ = {isa = PBXBuildFile; fileRef = 4425BB9A1FFC321E002597AF /* human_female.h */; settings = {ATTRIBUTES = (Public, ); }; };
		D42F0B7820037D5800172F84 /* human_male_state_take_picture.h in Headers */ = {isa = PBXBuildFile; fileRef = 443EC51C2000076A000248BC /* human_male_state_take_picture.h */; settings = {ATTRIBUTES = (Public, ); }; };
		D42F0B7920037D5800172F84 /* human_male_state_wander.h in Headers */ = {isa = PBXBuildFile; fileRef = 443EC51A2000075C000248BC /* human_male_state_wander.h */; settings = {ATTRIBUTES = (Public, ); }; };
		D42F0B7A20037D5800172F84 /* human_male_state.h in Headers */ = {isa = PBXBuildFile; fileRef = 443EC51820000751000248BC /* human_male_state.h */; settings = {ATTRIBUTES = (Public, ); }; };
		D42F0B7B20037D5800172F84 /* human_male.h in Headers */ = {isa = PBXBuildFile; fileRef = 4425BB981FFC3215002597AF /* human_male.h */; settings = {ATTRIBUTES = (Public, ); }; };
		D42F0B7C20037D5800172F84 /* human.h in Headers */ = {isa = PBXBuildFile; fileRef = 4425BB961FFC320C002597AF /* human.h */; settings = {ATTRIBUTES = (Public, ); }; };
		D42F0B7D20037D5800172F84 /* input.h in Headers */ = {isa = PBXBuildFile; fileRef = D46C622E2002B28100B03F10 /* input.h */; settings = {ATTRIBUTES = (Public, ); }; };
		D42F0B7E20037D5800172F84 /* interval_timer.h in Headers */ = {isa = PBXBuildFile; fileRef = 44C4ED091FFFDB1E00B55BEE /* interval_timer.h */; settings = {ATTRIBUTES = (Public, ); }; };
		D42F0B7F20037D5800172F84 /* keyboard_listener.h in Headers */ = {isa = PBXBuildFile; fileRef = D46C622A2002AD3400B03F10 /* keyboard_listener.h */; settings = {ATTRIBUTES = (Public, ); }; };
		D42F0B8020037D5800172F84 /* keyboard.h in Headers */ = {isa = PBXBuildFile; fileRef = D46C62282002AD1900B03F10 /* keyboard.h */; settings = {ATTRIBUTES = (Public, ); }; };
		D42F0B8120037D5800172F84 /* logger.h in Headers */ = {isa = PBXBuildFile; fileRef = 44C4ED071FFFD0C300B55BEE /* logger.h */; settings = {ATTRIBUTES = (Public, ); }; };
		D42F0B8220037D5800172F84 /* node.h in Headers */ = {isa = PBXBuildFile; fileRef = 44128CE81FFEB1BD00B3D435 /* node.h */; settings = {ATTRIBUTES = (Public, ); }; };
		D42F0B8320037D5800172F84 /* path_finding.h in Headers */ = {isa = PBXBuildFile; fileRef = 44128CFB1FFED54900B3D435 /* path_finding.h */; settings = {ATTRIBUTES = (Public, ); }; };
		D42F0B8420037D5800172F84 /* progress_bar.h in Headers */ = {isa = PBXBuildFile; fileRef = D4F8873A1FFF043F00D0C315 /* progress_bar.h */; settings = {ATTRIBUTES = (Public, ); }; };
		D42F0B8520037D5800172F84 /* rabbit.h in Headers */ = {isa = PBXBuildFile; fileRef = 4425BB9E1FFC3232002597AF /* rabbit.h */; settings = {ATTRIBUTES = (Public, ); }; };
		D42F0B8620037D5800172F84 /* random_utils.h in Headers */ = {isa = PBXBuildFile; fileRef = 44149B5B1FFD7DD7007DB9BD /* random_utils.h */; settings = {ATTRIBUTES = (Public, ); }; };
		D42F0B8720037D5800172F84 /* rect2d.h in Headers */ = {isa = PBXBuildFile; fileRef = 44C4CE3F1FFBF49F004D9540 /* rect2d.h */; settings = {ATTRIBUTES = (Public, ); }; };
		D42F0B8820037D5800172F84 /* SDL_FontCache.h in Headers */ = {isa = PBXBuildFile; fileRef = 44C4ED0F200000AC00B55BEE /* SDL_FontCache.h */; settings = {ATTRIBUTES = (Public, ); }; };
		D42F0B8920037D5800172F84 /* sprite.h in Headers */ = {isa = PBXBuildFile; fileRef = D46C62372002CE5200B03F10 /* sprite.h */; settings = {ATTRIBUTES = (Public, ); }; };
		D42F0B8A20037D5800172F84 /* string_utils.h in Headers */ = {isa = PBXBuildFile; fileRef = 44C4CE3D1FFBEF4B004D9540 /* string_utils.h */; settings = {ATTRIBUTES = (Public, ); }; };
		D42F0B8B20037D5800172F84 /* texture_manager.h in Headers */ = {isa = PBXBuildFile; fileRef = 4425BBB31FFC3616002597AF /* texture_manager.h */; settings = {ATTRIBUTES = (Public, ); }; };
		D42F0B8C20037D5800172F84 /* texture.h in Headers */ = {isa = PBXBuildFile; fileRef = 4425BB741FFC0131002597AF /* texture.h */; settings = {ATTRIBUTES = (Public, ); }; };
		D42F0B8D20037D5800172F84 /* timer.h in Headers */ = {isa = PBXBuildFile; fileRef = D4F8872A1FFEF81600D0C315 /* timer.h */; settings = {ATTRIBUTES = (Public, ); }; };
		D42F0B8E20037D5800172F84 /* vector2d.h in Headers */ = {isa = PBXBuildFile; fileRef = 448AC96A1FF8908D0040E425 /* vector2d.h */; settings = {ATTRIBUTES = (Public, ); }; };
		D42F0B8F20037D5800172F84 /* window.h in Headers */ = {isa = PBXBuildFile; fileRef = 448AC96C1FF8958F0040E425 /* window.h */; settings = {ATTRIBUTES = (Public, ); }; };
		D42F0B9020037D5800172F84 /* world.h in Headers */ = {isa = PBXBuildFile; fileRef = 4425BB781FFC0E80002597AF /* world.h */; settings = {ATTRIBUTES = (Public, ); }; };
		D42F0B9120037D6900172F84 /* SDL_FontCache.c in Sources */ = {isa = PBXBuildFile; fileRef = 44C4ED0D200000A600B55BEE /* SDL_FontCache.c */; };
		D42F0B9220037D6900172F84 /* animal.cpp in Sources */ = {isa = PBXBuildFile; fileRef = 4425BBA51FFC3353002597AF /* animal.cpp */; };
		D42F0B9320037D6900172F84 /* component.cpp in Sources */ = {isa = PBXBuildFile; fileRef = 44128CE41FFEAAEF00B3D435 /* component.cpp */; };
		D42F0B9420037D6900172F84 /* dog_state_attack.cpp in Sources */ = {isa = PBXBuildFile; fileRef = D4F887321FFEFC0200D0C315 /* dog_state_attack.cpp */; };
		D42F0B9520037D6900172F84 /* dog_state_find_cave.cpp in Sources */ = {isa = PBXBuildFile; fileRef = D4F8877F1FFF18D800D0C315 /* dog_state_find_cave.cpp */; };
		D42F0B9620037D6900172F84 /* dog_state_find_human.cpp in Sources */ = {isa = PBXBuildFile; fileRef = D4F8873E1FFF0DC400D0C315 /* dog_state_find_human.cpp */; };
		D42F0B9720037D6900172F84 /* dog_state_wander.cpp in Sources */ = {isa = PBXBuildFile; fileRef = D4F887301FFEFBF500D0C315 /* dog_state_wander.cpp */; };
		D42F0B9820037D6900172F84 /* dog_state.cpp in Sources */ = {isa = PBXBuildFile; fileRef = D4F8872E1FFEFBEA00D0C315 /* dog_state.cpp */; };
		D42F0B9920037D6900172F84 /* dog.cpp in Sources */ = {isa = PBXBuildFile; fileRef = 4425BBB11FFC33BC002597AF /* dog.cpp */; };
		D42F0B9A20037D6900172F84 /* edge.cpp in Sources */ = {isa = PBXBuildFile; fileRef = 44128CEF1FFEB1C400B3D435 /* edge.cpp */; };
		D42F0B9B20037D6900172F84 /* engine.cpp in Sources */ = {isa = PBXBuildFile; fileRef = 448AC9511FF88BFA0040E425 /* engine.cpp */; };
		D42F0B9C20037D6900172F84 /* entity_manager.cpp in Sources */ = {isa = PBXBuildFile; fileRef = 4425BBA91FFC3366002597AF /* entity_manager.cpp */; };
		D42F0B9D20037D6900172F84 /* entity.cpp in Sources */ = {isa = PBXBuildFile; fileRef = 4425BBA71FFC335B002597AF /* entity.cpp */; };
		D42F0B9E20037D6900172F84 /* force_driven_entity.cpp in Sources */ = {isa = PBXBuildFile; fileRef = 44149B591FFD652C007DB9BD /* force_driven_entity.cpp */; };
		D42F0B9F20037D6900172F84 /* gene_map.cpp in Sources */ = {isa = PBXBuildFile; fileRef = D4D209C62001A7F200EF63B5 /* gene_map.cpp */; };
		D42F0BA020037D6900172F84 /* gene.cpp in Sources */ = {isa = PBXBuildFile; fileRef = D4D209C82001ACB100EF63B5 /* gene.cpp */; };
		D42F0BA120037D6900172F84 /* genetic_algorithm.cpp in Sources */ = {isa = PBXBuildFile; fileRef = A212D3932001124000D79CE9 /* genetic_algorithm.cpp */; };
		D42F0BA220037D6900172F84 /* genetic_entity.cpp in Sources */ = {isa = PBXBuildFile; fileRef = 4423273A20016ACE00FF228D /* genetic_entity.cpp */; };
		D42F0BA320037D6900172F84 /* genetic_strategy_evolve.cpp in Sources */ = {isa = PBXBuildFile; fileRef = 4423274620018C7E00FF228D /* genetic_strategy_evolve.cpp */; };
		D42F0BA420037D6900172F84 /* genetic_strategy_random.cpp in Sources */ = {isa = PBXBuildFile; fileRef = 4423274020017DDA00FF228D /* genetic_strategy_random.cpp */; };
		D42F0BA520037D6900172F84 /* genetic_strategy.cpp in Sources */ = {isa = PBXBuildFile; fileRef = 442327422001823300FF228D /* genetic_strategy.cpp */; };
		D42F0BA620037D6900172F84 /* graph_parser.cpp in Sources */ = {isa = PBXBuildFile; fileRef = 44128CF01FFEB1C400B3D435 /* graph_parser.cpp */; };
		D42F0BA720037D6900172F84 /* graph.cpp in Sources */ = {isa = PBXBuildFile; fileRef = 44128CEE1FFEB1C400B3D435 /* graph.cpp */; };
		D42F0BA820037D6900172F84 /* graphics.cpp in Sources */ = {isa = PBXBuildFile; fileRef = 4424ACD61FF91E340007DCCF /* graphics.cpp */; };
		D42F0BA920037D6900172F84 /* human_female_state_wait.cpp in Sources */ = {isa = PBXBuildFile; fileRef = 44D7AEA02000534600CB3B5F /* human_female_state_wait.cpp */; };
		D42F0BAA20037D6900172F84 /* human_female_state_wander.cpp in Sources */ = {isa = PBXBuildFile; fileRef = 44066E22200012DE00EFA096 /* human_female_state_wander.cpp */; };
		D42F0BAB20037D6900172F84 /* human_female.cpp in Sources */ = {isa = PBXBuildFile; fileRef = 4425BBAD1FFC337A002597AF /* human_female.cpp */; };
		D42F0BAC20037D6900172F84 /* human_male_state_take_picture.cpp in Sources */ = {isa = PBXBuildFile; fileRef = 44066E1A20000B4300EFA096 /* human_male_state_take_picture.cpp */; };
		D42F0BAD20037D6900172F84 /* human_male_state_wander.cpp in Sources */ = {isa = PBXBuildFile; fileRef = 443EC51E20000961000248BC /* human_male_state_wander.cpp */; };
		D42F0BAE20037D6900172F84 /* human_male.cpp in Sources */ = {isa = PBXBuildFile; fileRef = 4425BBAB1FFC336F002597AF /* human_male.cpp */; };
		D42F0BAF20037D6900172F84 /* human.cpp in Sources */ = {isa = PBXBuildFile; fileRef = 4425BBA31FFC3346002597AF /* human.cpp */; };
		D42F0BB020037D6900172F84 /* interval_timer.cpp in Sources */ = {isa = PBXBuildFile; fileRef = 44C4ED0B1FFFDB5900B55BEE /* interval_timer.cpp */; };
		D42F0BB120037D6900172F84 /* keyboard.cpp in Sources */ = {isa = PBXBuildFile; fileRef = D46C622C2002AE6100B03F10 /* keyboard.cpp */; };
		D42F0BB220037D6900172F84 /* node.cpp in Sources */ = {isa = PBXBuildFile; fileRef = 44128CF11FFEB1C400B3D435 /* node.cpp */; };
		D42F0BB320037D6900172F84 /* path_finding.cpp in Sources */ = {isa = PBXBuildFile; fileRef = 44128CFD1FFED55D00B3D435 /* path_finding.cpp */; };
		D42F0BB420037D6900172F84 /* progress_bar.cpp in Sources */ = {isa = PBXBuildFile; fileRef = D4F8873C1FFF044B00D0C315 /* progress_bar.cpp */; };
		D42F0BB520037D6900172F84 /* rabbit.cpp in Sources */ = {isa = PBXBuildFile; fileRef = 4425BBAF1FFC3386002597AF /* rabbit.cpp */; };
		D42F0BB620037D6900172F84 /* random_utils.cpp in Sources */ = {isa = PBXBuildFile; fileRef = 44149B5C1FFD7DF2007DB9BD /* random_utils.cpp */; };
		D42F0BB720037D6900172F84 /* texture_manager.cpp in Sources */ = {isa = PBXBuildFile; fileRef = 4425BBB51FFC3637002597AF /* texture_manager.cpp */; };
		D42F0BB820037D6900172F84 /* texture.cpp in Sources */ = {isa = PBXBuildFile; fileRef = 4425BB761FFC013A002597AF /* texture.cpp */; };
		D42F0BB920037D6900172F84 /* timer.cpp in Sources */ = {isa = PBXBuildFile; fileRef = D4F8872C1FFEF89000D0C315 /* timer.cpp */; };
		D42F0BBA20037D6900172F84 /* window.cpp in Sources */ = {isa = PBXBuildFile; fileRef = 448AC96E1FF895A60040E425 /* window.cpp */; };
		D42F0BBB20037D6900172F84 /* world.cpp in Sources */ = {isa = PBXBuildFile; fileRef = 4425BB7E1FFC1034002597AF /* world.cpp */; };
		D42F0BBC20037D6900172F84 /* sprite.cpp in Sources */ = {isa = PBXBuildFile; fileRef = D46C62352002CE4900B03F10 /* sprite.cpp */; };
/* End PBXBuildFile section */

/* Begin PBXFileReference section */
		44066E1A20000B4300EFA096 /* human_male_state_take_picture.cpp */ = {isa = PBXFileReference; lastKnownFileType = sourcecode.cpp.cpp; path = human_male_state_take_picture.cpp; sourceTree = "<group>"; };
		44066E1E200011A500EFA096 /* human_female_state_wander.h */ = {isa = PBXFileReference; fileEncoding = 4; lastKnownFileType = sourcecode.c.h; path = human_female_state_wander.h; sourceTree = "<group>"; };
		44066E1F200011A500EFA096 /* human_female_state.h */ = {isa = PBXFileReference; fileEncoding = 4; lastKnownFileType = sourcecode.c.h; path = human_female_state.h; sourceTree = "<group>"; };
		44066E22200012DE00EFA096 /* human_female_state_wander.cpp */ = {isa = PBXFileReference; fileEncoding = 4; lastKnownFileType = sourcecode.cpp.cpp; path = human_female_state_wander.cpp; sourceTree = "<group>"; };
		44128CE21FFEAA1200B3D435 /* component.h */ = {isa = PBXFileReference; lastKnownFileType = sourcecode.c.h; path = component.h; sourceTree = "<group>"; };
		44128CE41FFEAAEF00B3D435 /* component.cpp */ = {isa = PBXFileReference; lastKnownFileType = sourcecode.cpp.cpp; path = component.cpp; sourceTree = "<group>"; };
		44128CE61FFEB1BD00B3D435 /* graph.h */ = {isa = PBXFileReference; fileEncoding = 4; lastKnownFileType = sourcecode.c.h; path = graph.h; sourceTree = "<group>"; };
		44128CE71FFEB1BD00B3D435 /* graph_parser.h */ = {isa = PBXFileReference; fileEncoding = 4; lastKnownFileType = sourcecode.c.h; path = graph_parser.h; sourceTree = "<group>"; };
		44128CE81FFEB1BD00B3D435 /* node.h */ = {isa = PBXFileReference; fileEncoding = 4; lastKnownFileType = sourcecode.c.h; path = node.h; sourceTree = "<group>"; };
		44128CE91FFEB1BD00B3D435 /* edge.h */ = {isa = PBXFileReference; fileEncoding = 4; lastKnownFileType = sourcecode.c.h; path = edge.h; sourceTree = "<group>"; };
		44128CEE1FFEB1C400B3D435 /* graph.cpp */ = {isa = PBXFileReference; fileEncoding = 4; lastKnownFileType = sourcecode.cpp.cpp; path = graph.cpp; sourceTree = "<group>"; };
		44128CEF1FFEB1C400B3D435 /* edge.cpp */ = {isa = PBXFileReference; fileEncoding = 4; lastKnownFileType = sourcecode.cpp.cpp; path = edge.cpp; sourceTree = "<group>"; };
		44128CF01FFEB1C400B3D435 /* graph_parser.cpp */ = {isa = PBXFileReference; fileEncoding = 4; lastKnownFileType = sourcecode.cpp.cpp; path = graph_parser.cpp; sourceTree = "<group>"; };
		44128CF11FFEB1C400B3D435 /* node.cpp */ = {isa = PBXFileReference; fileEncoding = 4; lastKnownFileType = sourcecode.cpp.cpp; path = node.cpp; sourceTree = "<group>"; };
		44128CFB1FFED54900B3D435 /* path_finding.h */ = {isa = PBXFileReference; lastKnownFileType = sourcecode.c.h; path = path_finding.h; sourceTree = "<group>"; };
		44128CFD1FFED55D00B3D435 /* path_finding.cpp */ = {isa = PBXFileReference; lastKnownFileType = sourcecode.cpp.cpp; path = path_finding.cpp; sourceTree = "<group>"; };
		44149B571FFD6341007DB9BD /* force_driven_entity.h */ = {isa = PBXFileReference; lastKnownFileType = sourcecode.c.h; path = force_driven_entity.h; sourceTree = "<group>"; };
		44149B591FFD652C007DB9BD /* force_driven_entity.cpp */ = {isa = PBXFileReference; lastKnownFileType = sourcecode.cpp.cpp; path = force_driven_entity.cpp; sourceTree = "<group>"; };
		44149B5B1FFD7DD7007DB9BD /* random_utils.h */ = {isa = PBXFileReference; lastKnownFileType = sourcecode.c.h; path = random_utils.h; sourceTree = "<group>"; };
		44149B5C1FFD7DF2007DB9BD /* random_utils.cpp */ = {isa = PBXFileReference; lastKnownFileType = sourcecode.cpp.cpp; path = random_utils.cpp; sourceTree = "<group>"; };
		44232738200166E400FF228D /* genetic_entity.h */ = {isa = PBXFileReference; lastKnownFileType = sourcecode.c.h; path = genetic_entity.h; sourceTree = "<group>"; };
		4423273A20016ACE00FF228D /* genetic_entity.cpp */ = {isa = PBXFileReference; lastKnownFileType = sourcecode.cpp.cpp; path = genetic_entity.cpp; sourceTree = "<group>"; };
		4423273C2001786B00FF228D /* genetic_strategy_random.h */ = {isa = PBXFileReference; lastKnownFileType = sourcecode.c.h; path = genetic_strategy_random.h; sourceTree = "<group>"; };
		4423273E2001787E00FF228D /* genetic_strategy.h */ = {isa = PBXFileReference; lastKnownFileType = sourcecode.c.h; path = genetic_strategy.h; sourceTree = "<group>"; };
		4423274020017DDA00FF228D /* genetic_strategy_random.cpp */ = {isa = PBXFileReference; lastKnownFileType = sourcecode.cpp.cpp; path = genetic_strategy_random.cpp; sourceTree = "<group>"; };
		442327422001823300FF228D /* genetic_strategy.cpp */ = {isa = PBXFileReference; lastKnownFileType = sourcecode.cpp.cpp; path = genetic_strategy.cpp; sourceTree = "<group>"; };
		4423274420018C4000FF228D /* genetic_strategy_evolve.h */ = {isa = PBXFileReference; lastKnownFileType = sourcecode.c.h; path = genetic_strategy_evolve.h; sourceTree = "<group>"; };
		4423274620018C7E00FF228D /* genetic_strategy_evolve.cpp */ = {isa = PBXFileReference; lastKnownFileType = sourcecode.cpp.cpp; path = genetic_strategy_evolve.cpp; sourceTree = "<group>"; };
		4424ACD61FF91E340007DCCF /* graphics.cpp */ = {isa = PBXFileReference; lastKnownFileType = sourcecode.cpp.cpp; path = graphics.cpp; sourceTree = "<group>"; };
		4424ACD81FF91E3F0007DCCF /* graphics.h */ = {isa = PBXFileReference; lastKnownFileType = sourcecode.c.h; path = graphics.h; sourceTree = "<group>"; };
		4425BB741FFC0131002597AF /* texture.h */ = {isa = PBXFileReference; lastKnownFileType = sourcecode.c.h; path = texture.h; sourceTree = "<group>"; };
		4425BB761FFC013A002597AF /* texture.cpp */ = {isa = PBXFileReference; lastKnownFileType = sourcecode.cpp.cpp; path = texture.cpp; sourceTree = "<group>"; };
		4425BB781FFC0E80002597AF /* world.h */ = {isa = PBXFileReference; lastKnownFileType = sourcecode.c.h; path = world.h; sourceTree = "<group>"; };
		4425BB7E1FFC1034002597AF /* world.cpp */ = {isa = PBXFileReference; lastKnownFileType = sourcecode.cpp.cpp; path = world.cpp; sourceTree = "<group>"; };
		4425BB921FFC31F8002597AF /* entity_manager.h */ = {isa = PBXFileReference; lastKnownFileType = sourcecode.c.h; path = entity_manager.h; sourceTree = "<group>"; };
		4425BB941FFC3203002597AF /* entity.h */ = {isa = PBXFileReference; lastKnownFileType = sourcecode.c.h; path = entity.h; sourceTree = "<group>"; };
		4425BB961FFC320C002597AF /* human.h */ = {isa = PBXFileReference; lastKnownFileType = sourcecode.c.h; path = human.h; sourceTree = "<group>"; };
		4425BB981FFC3215002597AF /* human_male.h */ = {isa = PBXFileReference; lastKnownFileType = sourcecode.c.h; path = human_male.h; sourceTree = "<group>"; };
		4425BB9A1FFC321E002597AF /* human_female.h */ = {isa = PBXFileReference; lastKnownFileType = sourcecode.c.h; path = human_female.h; sourceTree = "<group>"; };
		4425BB9C1FFC3227002597AF /* dog.h */ = {isa = PBXFileReference; lastKnownFileType = sourcecode.c.h; path = dog.h; sourceTree = "<group>"; };
		4425BB9E1FFC3232002597AF /* rabbit.h */ = {isa = PBXFileReference; lastKnownFileType = sourcecode.c.h; path = rabbit.h; sourceTree = "<group>"; };
		4425BBA01FFC32F5002597AF /* animal.h */ = {isa = PBXFileReference; lastKnownFileType = sourcecode.c.h; path = animal.h; sourceTree = "<group>"; };
		4425BBA31FFC3346002597AF /* human.cpp */ = {isa = PBXFileReference; lastKnownFileType = sourcecode.cpp.cpp; path = human.cpp; sourceTree = "<group>"; };
		4425BBA51FFC3353002597AF /* animal.cpp */ = {isa = PBXFileReference; lastKnownFileType = sourcecode.cpp.cpp; path = animal.cpp; sourceTree = "<group>"; };
		4425BBA71FFC335B002597AF /* entity.cpp */ = {isa = PBXFileReference; lastKnownFileType = sourcecode.cpp.cpp; path = entity.cpp; sourceTree = "<group>"; };
		4425BBA91FFC3366002597AF /* entity_manager.cpp */ = {isa = PBXFileReference; lastKnownFileType = sourcecode.cpp.cpp; path = entity_manager.cpp; sourceTree = "<group>"; };
		4425BBAB1FFC336F002597AF /* human_male.cpp */ = {isa = PBXFileReference; lastKnownFileType = sourcecode.cpp.cpp; path = human_male.cpp; sourceTree = "<group>"; };
		4425BBAD1FFC337A002597AF /* human_female.cpp */ = {isa = PBXFileReference; lastKnownFileType = sourcecode.cpp.cpp; path = human_female.cpp; sourceTree = "<group>"; };
		4425BBAF1FFC3386002597AF /* rabbit.cpp */ = {isa = PBXFileReference; lastKnownFileType = sourcecode.cpp.cpp; path = rabbit.cpp; sourceTree = "<group>"; };
		4425BBB11FFC33BC002597AF /* dog.cpp */ = {isa = PBXFileReference; lastKnownFileType = sourcecode.cpp.cpp; path = dog.cpp; sourceTree = "<group>"; };
		4425BBB31FFC3616002597AF /* texture_manager.h */ = {isa = PBXFileReference; lastKnownFileType = sourcecode.c.h; path = texture_manager.h; sourceTree = "<group>"; };
		4425BBB51FFC3637002597AF /* texture_manager.cpp */ = {isa = PBXFileReference; lastKnownFileType = sourcecode.cpp.cpp; path = texture_manager.cpp; sourceTree = "<group>"; };
		443EC51820000751000248BC /* human_male_state.h */ = {isa = PBXFileReference; lastKnownFileType = sourcecode.c.h; path = human_male_state.h; sourceTree = "<group>"; };
		443EC51A2000075C000248BC /* human_male_state_wander.h */ = {isa = PBXFileReference; lastKnownFileType = sourcecode.c.h; path = human_male_state_wander.h; sourceTree = "<group>"; };
		443EC51C2000076A000248BC /* human_male_state_take_picture.h */ = {isa = PBXFileReference; lastKnownFileType = sourcecode.c.h; path = human_male_state_take_picture.h; sourceTree = "<group>"; };
		443EC51E20000961000248BC /* human_male_state_wander.cpp */ = {isa = PBXFileReference; lastKnownFileType = sourcecode.cpp.cpp; path = human_male_state_wander.cpp; sourceTree = "<group>"; };
		448AC92F1FF88B3B0040E425 /* libOkunoshimaCore.a */ = {isa = PBXFileReference; explicitFileType = archive.ar; includeInIndex = 0; path = libOkunoshimaCore.a; sourceTree = BUILT_PRODUCTS_DIR; };
		448AC94F1FF88BDF0040E425 /* engine.h */ = {isa = PBXFileReference; fileEncoding = 4; lastKnownFileType = sourcecode.c.h; path = engine.h; sourceTree = "<group>"; };
		448AC9511FF88BFA0040E425 /* engine.cpp */ = {isa = PBXFileReference; lastKnownFileType = sourcecode.cpp.cpp; path = engine.cpp; sourceTree = "<group>"; };
		448AC96A1FF8908D0040E425 /* vector2d.h */ = {isa = PBXFileReference; lastKnownFileType = sourcecode.c.h; path = vector2d.h; sourceTree = "<group>"; };
		448AC96C1FF8958F0040E425 /* window.h */ = {isa = PBXFileReference; lastKnownFileType = sourcecode.c.h; path = window.h; sourceTree = "<group>"; };
		448AC96E1FF895A60040E425 /* window.cpp */ = {isa = PBXFileReference; lastKnownFileType = sourcecode.cpp.cpp; path = window.cpp; sourceTree = "<group>"; };
		44C4CE3D1FFBEF4B004D9540 /* string_utils.h */ = {isa = PBXFileReference; lastKnownFileType = sourcecode.c.h; path = string_utils.h; sourceTree = "<group>"; };
		44C4CE3F1FFBF49F004D9540 /* rect2d.h */ = {isa = PBXFileReference; lastKnownFileType = sourcecode.c.h; path = rect2d.h; sourceTree = "<group>"; };
		44C4ED071FFFD0C300B55BEE /* logger.h */ = {isa = PBXFileReference; lastKnownFileType = sourcecode.c.h; path = logger.h; sourceTree = "<group>"; };
		44C4ED091FFFDB1E00B55BEE /* interval_timer.h */ = {isa = PBXFileReference; lastKnownFileType = sourcecode.c.h; path = interval_timer.h; sourceTree = "<group>"; };
		44C4ED0B1FFFDB5900B55BEE /* interval_timer.cpp */ = {isa = PBXFileReference; lastKnownFileType = sourcecode.cpp.cpp; path = interval_timer.cpp; sourceTree = "<group>"; };
		44C4ED0D200000A600B55BEE /* SDL_FontCache.c */ = {isa = PBXFileReference; fileEncoding = 4; lastKnownFileType = sourcecode.c.c; path = SDL_FontCache.c; sourceTree = "<group>"; };
		44C4ED0F200000AC00B55BEE /* SDL_FontCache.h */ = {isa = PBXFileReference; fileEncoding = 4; lastKnownFileType = sourcecode.c.h; path = SDL_FontCache.h; sourceTree = "<group>"; };
		44D7AE9E200052D800CB3B5F /* human_female_state_wait.h */ = {isa = PBXFileReference; fileEncoding = 4; lastKnownFileType = sourcecode.c.h; path = human_female_state_wait.h; sourceTree = "<group>"; };
		44D7AEA02000534600CB3B5F /* human_female_state_wait.cpp */ = {isa = PBXFileReference; fileEncoding = 4; lastKnownFileType = sourcecode.cpp.cpp; path = human_female_state_wait.cpp; sourceTree = "<group>"; };
		44EF1A221FFBEC4D0098E4E8 /* color4f.h */ = {isa = PBXFileReference; lastKnownFileType = sourcecode.c.h; path = color4f.h; sourceTree = "<group>"; };
		A212D39220010D8100D79CE9 /* genetic_algorithm.h */ = {isa = PBXFileReference; lastKnownFileType = sourcecode.c.h; path = genetic_algorithm.h; sourceTree = "<group>"; };
		A212D3932001124000D79CE9 /* genetic_algorithm.cpp */ = {isa = PBXFileReference; lastKnownFileType = sourcecode.cpp.cpp; path = genetic_algorithm.cpp; sourceTree = "<group>"; };
		D46C62282002AD1900B03F10 /* keyboard.h */ = {isa = PBXFileReference; lastKnownFileType = sourcecode.c.h; path = keyboard.h; sourceTree = "<group>"; };
		D46C622A2002AD3400B03F10 /* keyboard_listener.h */ = {isa = PBXFileReference; lastKnownFileType = sourcecode.c.h; path = keyboard_listener.h; sourceTree = "<group>"; };
		D46C622C2002AE6100B03F10 /* keyboard.cpp */ = {isa = PBXFileReference; lastKnownFileType = sourcecode.cpp.cpp; path = keyboard.cpp; sourceTree = "<group>"; };
		D46C622E2002B28100B03F10 /* input.h */ = {isa = PBXFileReference; lastKnownFileType = sourcecode.c.h; path = input.h; sourceTree = "<group>"; };
		D46C62322002B5E800B03F10 /* align.h */ = {isa = PBXFileReference; lastKnownFileType = sourcecode.c.h; path = align.h; sourceTree = "<group>"; };
		D46C62352002CE4900B03F10 /* sprite.cpp */ = {isa = PBXFileReference; lastKnownFileType = sourcecode.cpp.cpp; path = sprite.cpp; sourceTree = "<group>"; };
		D46C62372002CE5200B03F10 /* sprite.h */ = {isa = PBXFileReference; lastKnownFileType = sourcecode.c.h; path = sprite.h; sourceTree = "<group>"; };
		D4D209C12001A54400EF63B5 /* gene.h */ = {isa = PBXFileReference; lastKnownFileType = sourcecode.c.h; path = gene.h; sourceTree = "<group>"; };
		D4D209C32001A7AC00EF63B5 /* gene_map.h */ = {isa = PBXFileReference; lastKnownFileType = sourcecode.c.h; path = gene_map.h; sourceTree = "<group>"; };
		D4D209C62001A7F200EF63B5 /* gene_map.cpp */ = {isa = PBXFileReference; lastKnownFileType = sourcecode.cpp.cpp; path = gene_map.cpp; sourceTree = "<group>"; };
		D4D209C82001ACB100EF63B5 /* gene.cpp */ = {isa = PBXFileReference; lastKnownFileType = sourcecode.cpp.cpp; path = gene.cpp; sourceTree = "<group>"; };
		D4D209CB2001CE2000EF63B5 /* colors.h */ = {isa = PBXFileReference; lastKnownFileType = sourcecode.c.h; path = colors.h; sourceTree = "<group>"; };
		D4F8872A1FFEF81600D0C315 /* timer.h */ = {isa = PBXFileReference; lastKnownFileType = sourcecode.c.h; path = timer.h; sourceTree = "<group>"; };
		D4F8872C1FFEF89000D0C315 /* timer.cpp */ = {isa = PBXFileReference; lastKnownFileType = sourcecode.cpp.cpp; path = timer.cpp; sourceTree = "<group>"; };
		D4F8872E1FFEFBEA00D0C315 /* dog_state.cpp */ = {isa = PBXFileReference; lastKnownFileType = sourcecode.cpp.cpp; path = dog_state.cpp; sourceTree = "<group>"; };
		D4F887301FFEFBF500D0C315 /* dog_state_wander.cpp */ = {isa = PBXFileReference; lastKnownFileType = sourcecode.cpp.cpp; path = dog_state_wander.cpp; sourceTree = "<group>"; };
		D4F887321FFEFC0200D0C315 /* dog_state_attack.cpp */ = {isa = PBXFileReference; lastKnownFileType = sourcecode.cpp.cpp; path = dog_state_attack.cpp; sourceTree = "<group>"; };
		D4F887341FFEFC1000D0C315 /* dog_state.h */ = {isa = PBXFileReference; lastKnownFileType = sourcecode.c.h; path = dog_state.h; sourceTree = "<group>"; };
		D4F887361FFEFC1D00D0C315 /* dog_state_wander.h */ = {isa = PBXFileReference; lastKnownFileType = sourcecode.c.h; path = dog_state_wander.h; sourceTree = "<group>"; };
		D4F887381FFEFC2800D0C315 /* dog_state_attack.h */ = {isa = PBXFileReference; lastKnownFileType = sourcecode.c.h; path = dog_state_attack.h; sourceTree = "<group>"; };
		D4F8873A1FFF043F00D0C315 /* progress_bar.h */ = {isa = PBXFileReference; lastKnownFileType = sourcecode.c.h; path = progress_bar.h; sourceTree = "<group>"; };
		D4F8873C1FFF044B00D0C315 /* progress_bar.cpp */ = {isa = PBXFileReference; lastKnownFileType = sourcecode.cpp.cpp; path = progress_bar.cpp; sourceTree = "<group>"; };
		D4F8873E1FFF0DC400D0C315 /* dog_state_find_human.cpp */ = {isa = PBXFileReference; lastKnownFileType = sourcecode.cpp.cpp; path = dog_state_find_human.cpp; sourceTree = "<group>"; };
		D4F887401FFF0DCC00D0C315 /* dog_state_find_human.h */ = {isa = PBXFileReference; lastKnownFileType = sourcecode.c.h; path = dog_state_find_human.h; sourceTree = "<group>"; };
		D4F8877D1FFF18C100D0C315 /* dog_state_find_cave.h */ = {isa = PBXFileReference; lastKnownFileType = sourcecode.c.h; path = dog_state_find_cave.h; sourceTree = "<group>"; };
		D4F8877F1FFF18D800D0C315 /* dog_state_find_cave.cpp */ = {isa = PBXFileReference; lastKnownFileType = sourcecode.cpp.cpp; path = dog_state_find_cave.cpp; sourceTree = "<group>"; };
/* End PBXFileReference section */

/* Begin PBXFrameworksBuildPhase section */
		448AC92C1FF88B3B0040E425 /* Frameworks */ = {
			isa = PBXFrameworksBuildPhase;
			buildActionMask = 2147483647;
			files = (
			);
			runOnlyForDeploymentPostprocessing = 0;
		};
/* End PBXFrameworksBuildPhase section */

/* Begin PBXGroup section */
		448AC9261FF88B3B0040E425 = {
			isa = PBXGroup;
			children = (
				448AC94A1FF88B580040E425 /* Headers */,
				448AC9491FF88B540040E425 /* Sources */,
				448AC9301FF88B3B0040E425 /* Products */,
			);
			sourceTree = "<group>";
		};
		448AC9301FF88B3B0040E425 /* Products */ = {
			isa = PBXGroup;
			children = (
				448AC92F1FF88B3B0040E425 /* libOkunoshimaCore.a */,
			);
			name = Products;
			sourceTree = "<group>";
		};
		448AC9491FF88B540040E425 /* Sources */ = {
			isa = PBXGroup;
			children = (
				44C4ED0D200000A600B55BEE /* SDL_FontCache.c */,
				4425BBA51FFC3353002597AF /* animal.cpp */,
				44128CE41FFEAAEF00B3D435 /* component.cpp */,
				D4F887321FFEFC0200D0C315 /* dog_state_attack.cpp */,
				D4F8877F1FFF18D800D0C315 /* dog_state_find_cave.cpp */,
				D4F8873E1FFF0DC400D0C315 /* dog_state_find_human.cpp */,
				D4F887301FFEFBF500D0C315 /* dog_state_wander.cpp */,
				D4F8872E1FFEFBEA00D0C315 /* dog_state.cpp */,
				4425BBB11FFC33BC002597AF /* dog.cpp */,
				44128CEF1FFEB1C400B3D435 /* edge.cpp */,
				448AC9511FF88BFA0040E425 /* engine.cpp */,
				4425BBA91FFC3366002597AF /* entity_manager.cpp */,
				4425BBA71FFC335B002597AF /* entity.cpp */,
				44149B591FFD652C007DB9BD /* force_driven_entity.cpp */,
				D4D209C62001A7F200EF63B5 /* gene_map.cpp */,
				D4D209C82001ACB100EF63B5 /* gene.cpp */,
				A212D3932001124000D79CE9 /* genetic_algorithm.cpp */,
				4423273A20016ACE00FF228D /* genetic_entity.cpp */,
				4423274620018C7E00FF228D /* genetic_strategy_evolve.cpp */,
				4423274020017DDA00FF228D /* genetic_strategy_random.cpp */,
				442327422001823300FF228D /* genetic_strategy.cpp */,
				44128CF01FFEB1C400B3D435 /* graph_parser.cpp */,
				44128CEE1FFEB1C400B3D435 /* graph.cpp */,
				4424ACD61FF91E340007DCCF /* graphics.cpp */,
				44D7AEA02000534600CB3B5F /* human_female_state_wait.cpp */,
				44066E22200012DE00EFA096 /* human_female_state_wander.cpp */,
				4425BBAD1FFC337A002597AF /* human_female.cpp */,
				44066E1A20000B4300EFA096 /* human_male_state_take_picture.cpp */,
				443EC51E20000961000248BC /* human_male_state_wander.cpp */,
				4425BBAB1FFC336F002597AF /* human_male.cpp */,
				4425BBA31FFC3346002597AF /* human.cpp */,
				44C4ED0B1FFFDB5900B55BEE /* interval_timer.cpp */,
				D46C622C2002AE6100B03F10 /* keyboard.cpp */,
				44128CF11FFEB1C400B3D435 /* node.cpp */,
				44128CFD1FFED55D00B3D435 /* path_finding.cpp */,
				D4F8873C1FFF044B00D0C315 /* progress_bar.cpp */,
				4425BBAF1FFC3386002597AF /* rabbit.cpp */,
				44149B5C1FFD7DF2007DB9BD /* random_utils.cpp */,
				4425BBB51FFC3637002597AF /* texture_manager.cpp */,
				4425BB761FFC013A002597AF /* texture.cpp */,
				D4F8872C1FFEF89000D0C315 /* timer.cpp */,
				448AC96E1FF895A60040E425 /* window.cpp */,
				4425BB7E1FFC1034002597AF /* world.cpp */,
				D46C62352002CE4900B03F10 /* sprite.cpp */,
			);
			name = Sources;
			path = src;
			sourceTree = "<group>";
		};
		448AC94A1FF88B580040E425 /* Headers */ = {
			isa = PBXGroup;
			children = (
				D46C62322002B5E800B03F10 /* align.h */,
				4425BBA01FFC32F5002597AF /* animal.h */,
				44EF1A221FFBEC4D0098E4E8 /* color4f.h */,
				D4D209CB2001CE2000EF63B5 /* colors.h */,
				44128CE21FFEAA1200B3D435 /* component.h */,
				D4F887381FFEFC2800D0C315 /* dog_state_attack.h */,
				D4F8877D1FFF18C100D0C315 /* dog_state_find_cave.h */,
				D4F887401FFF0DCC00D0C315 /* dog_state_find_human.h */,
				D4F887361FFEFC1D00D0C315 /* dog_state_wander.h */,
				D4F887341FFEFC1000D0C315 /* dog_state.h */,
				4425BB9C1FFC3227002597AF /* dog.h */,
				44128CE91FFEB1BD00B3D435 /* edge.h */,
				448AC94F1FF88BDF0040E425 /* engine.h */,
				4425BB921FFC31F8002597AF /* entity_manager.h */,
				4425BB941FFC3203002597AF /* entity.h */,
				44149B571FFD6341007DB9BD /* force_driven_entity.h */,
				D4D209C32001A7AC00EF63B5 /* gene_map.h */,
				D4D209C12001A54400EF63B5 /* gene.h */,
				A212D39220010D8100D79CE9 /* genetic_algorithm.h */,
				44232738200166E400FF228D /* genetic_entity.h */,
				4423274420018C4000FF228D /* genetic_strategy_evolve.h */,
				4423273C2001786B00FF228D /* genetic_strategy_random.h */,
				4423273E2001787E00FF228D /* genetic_strategy.h */,
				44128CE71FFEB1BD00B3D435 /* graph_parser.h */,
				44128CE61FFEB1BD00B3D435 /* graph.h */,
				4424ACD81FF91E3F0007DCCF /* graphics.h */,
				44D7AE9E200052D800CB3B5F /* human_female_state_wait.h */,
				44066E1E200011A500EFA096 /* human_female_state_wander.h */,
				44066E1F200011A500EFA096 /* human_female_state.h */,
				4425BB9A1FFC321E002597AF /* human_female.h */,
				443EC51C2000076A000248BC /* human_male_state_take_picture.h */,
				443EC51A2000075C000248BC /* human_male_state_wander.h */,
				443EC51820000751000248BC /* human_male_state.h */,
				4425BB981FFC3215002597AF /* human_male.h */,
				4425BB961FFC320C002597AF /* human.h */,
				D46C622E2002B28100B03F10 /* input.h */,
				44C4ED091FFFDB1E00B55BEE /* interval_timer.h */,
				D46C622A2002AD3400B03F10 /* keyboard_listener.h */,
				D46C62282002AD1900B03F10 /* keyboard.h */,
				44C4ED071FFFD0C300B55BEE /* logger.h */,
				44128CE81FFEB1BD00B3D435 /* node.h */,
				44128CFB1FFED54900B3D435 /* path_finding.h */,
				D4F8873A1FFF043F00D0C315 /* progress_bar.h */,
				4425BB9E1FFC3232002597AF /* rabbit.h */,
				44149B5B1FFD7DD7007DB9BD /* random_utils.h */,
				44C4CE3F1FFBF49F004D9540 /* rect2d.h */,
				44C4ED0F200000AC00B55BEE /* SDL_FontCache.h */,
				D46C62372002CE5200B03F10 /* sprite.h */,
				44C4CE3D1FFBEF4B004D9540 /* string_utils.h */,
				4425BBB31FFC3616002597AF /* texture_manager.h */,
				4425BB741FFC0131002597AF /* texture.h */,
				D4F8872A1FFEF81600D0C315 /* timer.h */,
				448AC96A1FF8908D0040E425 /* vector2d.h */,
				448AC96C1FF8958F0040E425 /* window.h */,
				4425BB781FFC0E80002597AF /* world.h */,
			);
			name = Headers;
			path = include/okunoshima;
			sourceTree = "<group>";
		};
/* End PBXGroup section */

/* Begin PBXHeadersBuildPhase section */
		448AC92D1FF88B3B0040E425 /* Headers */ = {
			isa = PBXHeadersBuildPhase;
			buildActionMask = 2147483647;
			files = (
				D42F0B5A20037D5800172F84 /* align.h in Headers */,
				D42F0B5B20037D5800172F84 /* animal.h in Headers */,
				D42F0B5C20037D5800172F84 /* color4f.h in Headers */,
				D42F0B5D20037D5800172F84 /* colors.h in Headers */,
				D42F0B5E20037D5800172F84 /* component.h in Headers */,
				D42F0B5F20037D5800172F84 /* dog_state_attack.h in Headers */,
				D42F0B6020037D5800172F84 /* dog_state_find_cave.h in Headers */,
				D42F0B6120037D5800172F84 /* dog_state_find_human.h in Headers */,
				D42F0B6220037D5800172F84 /* dog_state_wander.h in Headers */,
				D42F0B6320037D5800172F84 /* dog_state.h in Headers */,
				D42F0B6420037D5800172F84 /* dog.h in Headers */,
				D42F0B6520037D5800172F84 /* edge.h in Headers */,
				D42F0B6620037D5800172F84 /* engine.h in Headers */,
				D42F0B6720037D5800172F84 /* entity_manager.h in Headers */,
				D42F0B6820037D5800172F84 /* entity.h in Headers */,
				D42F0B6920037D5800172F84 /* force_driven_entity.h in Headers */,
				D42F0B6A20037D5800172F84 /* gene_map.h in Headers */,
				D42F0B6B20037D5800172F84 /* gene.h in Headers */,
				D42F0B6C20037D5800172F84 /* genetic_algorithm.h in Headers */,
				D42F0B6D20037D5800172F84 /* genetic_entity.h in Headers */,
				D42F0B6E20037D5800172F84 /* genetic_strategy_evolve.h in Headers */,
				D42F0B6F20037D5800172F84 /* genetic_strategy_random.h in Headers */,
				D42F0B7020037D5800172F84 /* genetic_strategy.h in Headers */,
				D42F0B7120037D5800172F84 /* graph_parser.h in Headers */,
				D42F0B7220037D5800172F84 /* graph.h in Headers */,
				D42F0B7320037D5800172F84 /* graphics.h in Headers */,
				D42F0B7420037D5800172F84 /* human_female_state_wait.h in Headers */,
				D42F0B7520037D5800172F84 /* human_female_state_wander.h in Headers */,
				D42F0B7620037D5800172F84 /* human_female_state.h in Headers */,
				D42F0B7720037D5800172F84 /* human_female.h in Headers */,
				D42F0B7820037D5800172F84 /* human_male_state_take_picture.h in Headers */,
				D42F0B7920037D5800172F84 /* human_male_state_wander.h in Headers */,
				D42F0B7A20037D5800172F84 /* human_male_state.h in Headers */,
				D42F0B7B20037D5800172F84 /* human_male.h in Headers */,
				D42F0B7C20037D5800172F84 /* human.h in Headers */,
				D42F0B7D20037D5800172F84 /* input.h in Headers */,
				D42F0B7E20037D5800172F84 /* interval_timer.h in Headers */,
				D42F0B7F20037D5800172F84 /* keyboard_listener.h in Headers */,
				D42F0B8020037D5800172F84 /* keyboard.h in Headers */,
				D42F0B8120037D5800172F84 /* logger.h in Headers */,
				D42F0B8220037D5800172F84 /* node.h in Headers */,
				D42F0B8320037D5800172F84 /* path_finding.h in Headers */,
				D42F0B8420037D5800172F84 /* progress_bar.h in Headers */,
				D42F0B8520037D5800172F84 /* rabbit.h in Headers */,
				D42F0B8620037D5800172F84 /* random_utils.h in Headers */,
				D42F0B8720037D5800172F84 /* rect2d.h in Headers */,
				D42F0B8820037D5800172F84 /* SDL_FontCache.h in Headers */,
				D42F0B8920037D5800172F84 /* sprite.h in Headers */,
				D42F0B8A20037D5800172F84 /* string_utils.h in Headers */,
				D42F0B8B20037D5800172F84 /* texture_manager.h in Headers */,
				D42F0B8C20037D5800172F84 /* texture.h in Headers */,
				D42F0B8D20037D5800172F84 /* timer.h in Headers */,
				D42F0B8E20037D5800172F84 /* vector2d.h in Headers */,
				D42F0B8F20037D5800172F84 /* window.h in Headers */,
				D42F0B9020037D5800172F84 /* world.h in Headers */,
			);
			runOnlyForDeploymentPostprocessing = 0;
		};
/* End PBXHeadersBuildPhase section */

/* Begin PBXNativeTarget section */
		448AC92E1FF88B3B0040E425 /* OkunoshimaCore */ = {
			isa = PBXNativeTarget;
			buildConfigurationList = 448AC9331FF88B3B0040E425 /* Build configuration list for PBXNativeTarget "OkunoshimaCore" */;
			buildPhases = (
				448AC92B1FF88B3B0040E425 /* Sources */,
				448AC92C1FF88B3B0040E425 /* Frameworks */,
				448AC92D1FF88B3B0040E425 /* Headers */,
			);
			buildRules = (
			);
			dependencies = (
			);
			name = OkunoshimaCore;
			productName = OkunoshimaCore;
			productReference = 448AC92F1FF88B3B0040E425 /* libOkunoshimaCore.a */;
			productType = "com.apple.product-type.library.static";
		};
/* End PBXNativeTarget section */

/* Begin PBXProject section */
		448AC9271FF88B3B0040E425 /* Project object */ = {
			isa = PBXProject;
			attributes = {
				LastUpgradeCheck = 0920;
				ORGANIZATIONNAME = "Rob Hendriks";
				TargetAttributes = {
					448AC92E1FF88B3B0040E425 = {
						CreatedOnToolsVersion = 9.2;
						ProvisioningStyle = Automatic;
					};
				};
			};
			buildConfigurationList = 448AC92A1FF88B3B0040E425 /* Build configuration list for PBXProject "OkunoshimaCore" */;
			compatibilityVersion = "Xcode 8.0";
			developmentRegion = en;
			hasScannedForEncodings = 0;
			knownRegions = (
				en,
			);
			mainGroup = 448AC9261FF88B3B0040E425;
			productRefGroup = 448AC9301FF88B3B0040E425 /* Products */;
			projectDirPath = "";
			projectRoot = "";
			targets = (
				448AC92E1FF88B3B0040E425 /* OkunoshimaCore */,
			);
		};
/* End PBXProject section */

/* Begin PBXSourcesBuildPhase section */
		448AC92B1FF88B3B0040E425 /* Sources */ = {
			isa = PBXSourcesBuildPhase;
			buildActionMask = 2147483647;
			files = (
				D42F0B9120037D6900172F84 /* SDL_FontCache.c in Sources */,
				D42F0B9220037D6900172F84 /* animal.cpp in Sources */,
				D42F0B9320037D6900172F84 /* component.cpp in Sources */,
				D42F0B9420037D6900172F84 /* dog_state_attack.cpp in Sources */,
				D42F0B9520037D6900172F84 /* dog_state_find_cave.cpp in Sources */,
				D42F0B9620037D6900172F84 /* dog_state_find_human.cpp in Sources */,
				D42F0B9720037D6900172F84 /* dog_state_wander.cpp in Sources */,
				D42F0B9820037D6900172F84 /* dog_state.cpp in Sources */,
				D42F0B9920037D6900172F84 /* dog.cpp in Sources */,
				D42F0B9A20037D6900172F84 /* edge.cpp in Sources */,
				D42F0B9B20037D6900172F84 /* engine.cpp in Sources */,
				D42F0B9C20037D6900172F84 /* entity_manager.cpp in Sources */,
				D42F0B9D20037D6900172F84 /* entity.cpp in Sources */,
				D42F0B9E20037D6900172F84 /* force_driven_entity.cpp in Sources */,
				D42F0B9F20037D6900172F84 /* gene_map.cpp in Sources */,
				D42F0BA020037D6900172F84 /* gene.cpp in Sources */,
				D42F0BA120037D6900172F84 /* genetic_algorithm.cpp in Sources */,
				D42F0BA220037D6900172F84 /* genetic_entity.cpp in Sources */,
				D42F0BA320037D6900172F84 /* genetic_strategy_evolve.cpp in Sources */,
				D42F0BA420037D6900172F84 /* genetic_strategy_random.cpp in Sources */,
				D42F0BA520037D6900172F84 /* genetic_strategy.cpp in Sources */,
				D42F0BA620037D6900172F84 /* graph_parser.cpp in Sources */,
				D42F0BA720037D6900172F84 /* graph.cpp in Sources */,
				D42F0BA820037D6900172F84 /* graphics.cpp in Sources */,
				D42F0BA920037D6900172F84 /* human_female_state_wait.cpp in Sources */,
				D42F0BAA20037D6900172F84 /* human_female_state_wander.cpp in Sources */,
				D42F0BAB20037D6900172F84 /* human_female.cpp in Sources */,
				D42F0BAC20037D6900172F84 /* human_male_state_take_picture.cpp in Sources */,
				D42F0BAD20037D6900172F84 /* human_male_state_wander.cpp in Sources */,
				D42F0BAE20037D6900172F84 /* human_male.cpp in Sources */,
				D42F0BAF20037D6900172F84 /* human.cpp in Sources */,
				D42F0BB020037D6900172F84 /* interval_timer.cpp in Sources */,
				D42F0BB120037D6900172F84 /* keyboard.cpp in Sources */,
				D42F0BB220037D6900172F84 /* node.cpp in Sources */,
				D42F0BB320037D6900172F84 /* path_finding.cpp in Sources */,
				D42F0BB420037D6900172F84 /* progress_bar.cpp in Sources */,
				D42F0BB520037D6900172F84 /* rabbit.cpp in Sources */,
				D42F0BB620037D6900172F84 /* random_utils.cpp in Sources */,
				D42F0BB720037D6900172F84 /* texture_manager.cpp in Sources */,
				D42F0BB820037D6900172F84 /* texture.cpp in Sources */,
				D42F0BB920037D6900172F84 /* timer.cpp in Sources */,
				D42F0BBA20037D6900172F84 /* window.cpp in Sources */,
				D42F0BBB20037D6900172F84 /* world.cpp in Sources */,
				D42F0BBC20037D6900172F84 /* sprite.cpp in Sources */,
			);
			runOnlyForDeploymentPostprocessing = 0;
		};
/* End PBXSourcesBuildPhase section */

/* Begin XCBuildConfiguration section */
		448AC9311FF88B3B0040E425 /* Debug */ = {
			isa = XCBuildConfiguration;
			buildSettings = {
				ALWAYS_SEARCH_USER_PATHS = NO;
				CLANG_ANALYZER_NONNULL = YES;
				CLANG_ANALYZER_NUMBER_OBJECT_CONVERSION = YES_AGGRESSIVE;
				CLANG_CXX_LANGUAGE_STANDARD = "gnu++14";
				CLANG_CXX_LIBRARY = "libc++";
				CLANG_ENABLE_MODULES = YES;
				CLANG_ENABLE_OBJC_ARC = YES;
				CLANG_WARN_BLOCK_CAPTURE_AUTORELEASING = YES;
				CLANG_WARN_BOOL_CONVERSION = YES;
				CLANG_WARN_COMMA = YES;
				CLANG_WARN_CONSTANT_CONVERSION = YES;
				CLANG_WARN_DIRECT_OBJC_ISA_USAGE = YES_ERROR;
				CLANG_WARN_DOCUMENTATION_COMMENTS = YES;
				CLANG_WARN_EMPTY_BODY = YES;
				CLANG_WARN_ENUM_CONVERSION = YES;
				CLANG_WARN_INFINITE_RECURSION = YES;
				CLANG_WARN_INT_CONVERSION = YES;
				CLANG_WARN_NON_LITERAL_NULL_CONVERSION = YES;
				CLANG_WARN_OBJC_LITERAL_CONVERSION = YES;
				CLANG_WARN_OBJC_ROOT_CLASS = YES_ERROR;
				CLANG_WARN_RANGE_LOOP_ANALYSIS = YES;
				CLANG_WARN_STRICT_PROTOTYPES = YES;
				CLANG_WARN_SUSPICIOUS_MOVE = YES;
				CLANG_WARN_UNGUARDED_AVAILABILITY = YES_AGGRESSIVE;
				CLANG_WARN_UNREACHABLE_CODE = YES;
				CLANG_WARN__DUPLICATE_METHOD_MATCH = YES;
				CODE_SIGN_IDENTITY = "Mac Developer";
				COPY_PHASE_STRIP = NO;
				DEBUG_INFORMATION_FORMAT = dwarf;
				ENABLE_STRICT_OBJC_MSGSEND = YES;
				ENABLE_TESTABILITY = YES;
				GCC_C_LANGUAGE_STANDARD = gnu11;
				GCC_DYNAMIC_NO_PIC = NO;
				GCC_NO_COMMON_BLOCKS = YES;
				GCC_OPTIMIZATION_LEVEL = 0;
				GCC_PREPROCESSOR_DEFINITIONS = (
					"DEBUG=1",
					"$(inherited)",
				);
				GCC_WARN_64_TO_32_BIT_CONVERSION = YES;
				GCC_WARN_ABOUT_RETURN_TYPE = YES_ERROR;
				GCC_WARN_UNDECLARED_SELECTOR = YES;
				GCC_WARN_UNINITIALIZED_AUTOS = YES_AGGRESSIVE;
				GCC_WARN_UNUSED_FUNCTION = YES;
				GCC_WARN_UNUSED_VARIABLE = YES;
				MACOSX_DEPLOYMENT_TARGET = 10.13;
				MTL_ENABLE_DEBUG_INFO = YES;
				ONLY_ACTIVE_ARCH = YES;
				SDKROOT = macosx;
			};
			name = Debug;
		};
		448AC9321FF88B3B0040E425 /* Release */ = {
			isa = XCBuildConfiguration;
			buildSettings = {
				ALWAYS_SEARCH_USER_PATHS = NO;
				CLANG_ANALYZER_NONNULL = YES;
				CLANG_ANALYZER_NUMBER_OBJECT_CONVERSION = YES_AGGRESSIVE;
				CLANG_CXX_LANGUAGE_STANDARD = "gnu++14";
				CLANG_CXX_LIBRARY = "libc++";
				CLANG_ENABLE_MODULES = YES;
				CLANG_ENABLE_OBJC_ARC = YES;
				CLANG_WARN_BLOCK_CAPTURE_AUTORELEASING = YES;
				CLANG_WARN_BOOL_CONVERSION = YES;
				CLANG_WARN_COMMA = YES;
				CLANG_WARN_CONSTANT_CONVERSION = YES;
				CLANG_WARN_DIRECT_OBJC_ISA_USAGE = YES_ERROR;
				CLANG_WARN_DOCUMENTATION_COMMENTS = YES;
				CLANG_WARN_EMPTY_BODY = YES;
				CLANG_WARN_ENUM_CONVERSION = YES;
				CLANG_WARN_INFINITE_RECURSION = YES;
				CLANG_WARN_INT_CONVERSION = YES;
				CLANG_WARN_NON_LITERAL_NULL_CONVERSION = YES;
				CLANG_WARN_OBJC_LITERAL_CONVERSION = YES;
				CLANG_WARN_OBJC_ROOT_CLASS = YES_ERROR;
				CLANG_WARN_RANGE_LOOP_ANALYSIS = YES;
				CLANG_WARN_STRICT_PROTOTYPES = YES;
				CLANG_WARN_SUSPICIOUS_MOVE = YES;
				CLANG_WARN_UNGUARDED_AVAILABILITY = YES_AGGRESSIVE;
				CLANG_WARN_UNREACHABLE_CODE = YES;
				CLANG_WARN__DUPLICATE_METHOD_MATCH = YES;
				CODE_SIGN_IDENTITY = "Mac Developer";
				COPY_PHASE_STRIP = NO;
				DEBUG_INFORMATION_FORMAT = "dwarf-with-dsym";
				ENABLE_NS_ASSERTIONS = NO;
				ENABLE_STRICT_OBJC_MSGSEND = YES;
				GCC_C_LANGUAGE_STANDARD = gnu11;
				GCC_NO_COMMON_BLOCKS = YES;
				GCC_WARN_64_TO_32_BIT_CONVERSION = YES;
				GCC_WARN_ABOUT_RETURN_TYPE = YES_ERROR;
				GCC_WARN_UNDECLARED_SELECTOR = YES;
				GCC_WARN_UNINITIALIZED_AUTOS = YES_AGGRESSIVE;
				GCC_WARN_UNUSED_FUNCTION = YES;
				GCC_WARN_UNUSED_VARIABLE = YES;
				MACOSX_DEPLOYMENT_TARGET = 10.13;
				MTL_ENABLE_DEBUG_INFO = NO;
				SDKROOT = macosx;
			};
			name = Release;
		};
		448AC9341FF88B3B0040E425 /* Debug */ = {
			isa = XCBuildConfiguration;
			buildSettings = {
				CLANG_CXX_LANGUAGE_STANDARD = "gnu++17";
				CLANG_WARN_DOCUMENTATION_COMMENTS = NO;
				CODE_SIGN_STYLE = Automatic;
				DEVELOPMENT_TEAM = QV4T55ZUBD;
				EXECUTABLE_PREFIX = lib;
				HEADER_SEARCH_PATHS = /usr/local/include;
				LIBRARY_SEARCH_PATHS = /usr/local/lib;
				PRODUCT_NAME = "$(TARGET_NAME)";
			};
			name = Debug;
		};
		448AC9351FF88B3B0040E425 /* Release */ = {
			isa = XCBuildConfiguration;
			buildSettings = {
				CLANG_CXX_LANGUAGE_STANDARD = "gnu++17";
				CLANG_WARN_DOCUMENTATION_COMMENTS = NO;
				CODE_SIGN_STYLE = Automatic;
				DEVELOPMENT_TEAM = QV4T55ZUBD;
				EXECUTABLE_PREFIX = lib;
				HEADER_SEARCH_PATHS = /usr/local/include;
				LIBRARY_SEARCH_PATHS = /usr/local/lib;
				PRODUCT_NAME = "$(TARGET_NAME)";
			};
			name = Release;
		};
/* End XCBuildConfiguration section */

/* Begin XCConfigurationList section */
		448AC92A1FF88B3B0040E425 /* Build configuration list for PBXProject "OkunoshimaCore" */ = {
			isa = XCConfigurationList;
			buildConfigurations = (
				448AC9311FF88B3B0040E425 /* Debug */,
				448AC9321FF88B3B0040E425 /* Release */,
			);
			defaultConfigurationIsVisible = 0;
			defaultConfigurationName = Release;
		};
		448AC9331FF88B3B0040E425 /* Build configuration list for PBXNativeTarget "OkunoshimaCore" */ = {
			isa = XCConfigurationList;
			buildConfigurations = (
				448AC9341FF88B3B0040E425 /* Debug */,
				448AC9351FF88B3B0040E425 /* Release */,
			);
			defaultConfigurationIsVisible = 0;
			defaultConfigurationName = Release;
		};
/* End XCConfigurationList section */
	};
	rootObject = 448AC9271FF88B3B0040E425 /* Project object */;
}
